
Microsoft Visual Studio Solution File, Format Version 12.00
# Visual Studio Version 17
VisualStudioVersion = 17.10.34928.147
MinimumVisualStudioVersion = 10.0.40219.1
Project("{FAE04EC0-301F-11D3-BF4B-00C04F79EFBC}") = "OrangeHRM", "OrangeHRM\OrangeHRM.csproj", "{DF77325E-6D96-450F-89DC-BE8862F45A1D}"
EndProject
Global
	GlobalSection(SolutionConfigurationPlatforms) = preSolution
		Debug|Any CPU = Debug|Any CPU
		Release|Any CPU = Release|Any CPU
	EndGlobalSection
	GlobalSection(ProjectConfigurationPlatforms) = postSolution
		{DF77325E-6D96-450F-89DC-BE8862F45A1D}.Debug|Any CPU.ActiveCfg = Debug|Any CPU
		{DF77325E-6D96-450F-89DC-BE8862F45A1D}.Debug|Any CPU.Build.0 = Debug|Any CPU
		{DF77325E-6D96-450F-89DC-BE8862F45A1D}.Release|Any CPU.ActiveCfg = Release|Any CPU
		{DF77325E-6D96-450F-89DC-BE8862F45A1D}.Release|Any CPU.Build.0 = Release|Any CPU
	EndGlobalSection
	GlobalSection(SolutionProperties) = preSolution
		HideSolutionNode = FALSE
	EndGlobalSection
	GlobalSection(ExtensibilityGlobals) = postSolution
		SolutionGuid = {F73D46AD-C603-4D32-8AB9-B35BCA409572}
	EndGlobalSection
EndGlobal
